// !$*UTF8*$!
{
	archiveVersion = 1;
	classes = {
	};
	objectVersion = 56;
	objects = {

/* Begin PBXBuildFile section */
		600F1C7D2A4F3EDE00B23C6B /* ReminderViewController+Section.swift in Sources */ = {isa = PBXBuildFile; fileRef = 600F1C7C2A4F3EDE00B23C6B /* ReminderViewController+Section.swift */; };
		93CFAD1F2A4C363B008116D9 /* AppDelegate.swift in Sources */ = {isa = PBXBuildFile; fileRef = 93CFAD1E2A4C363B008116D9 /* AppDelegate.swift */; };
		93CFAD212A4C363B008116D9 /* SceneDelegate.swift in Sources */ = {isa = PBXBuildFile; fileRef = 93CFAD202A4C363B008116D9 /* SceneDelegate.swift */; };
		93CFAD232A4C363B008116D9 /* ReminderListViewController.swift in Sources */ = {isa = PBXBuildFile; fileRef = 93CFAD222A4C363B008116D9 /* ReminderListViewController.swift */; };
		93CFAD262A4C363B008116D9 /* Main.storyboard in Resources */ = {isa = PBXBuildFile; fileRef = 93CFAD242A4C363B008116D9 /* Main.storyboard */; };
		93CFAD282A4C363D008116D9 /* Assets.xcassets in Resources */ = {isa = PBXBuildFile; fileRef = 93CFAD272A4C363D008116D9 /* Assets.xcassets */; };
		93CFAD2B2A4C363D008116D9 /* LaunchScreen.storyboard in Resources */ = {isa = PBXBuildFile; fileRef = 93CFAD292A4C363D008116D9 /* LaunchScreen.storyboard */; };
		93CFAD362A4C363E008116D9 /* TodayTests.swift in Sources */ = {isa = PBXBuildFile; fileRef = 93CFAD352A4C363E008116D9 /* TodayTests.swift */; };
		93CFAD402A4C363E008116D9 /* TodayUITests.swift in Sources */ = {isa = PBXBuildFile; fileRef = 93CFAD3F2A4C363E008116D9 /* TodayUITests.swift */; };
		93CFAD422A4C363E008116D9 /* TodayUITestsLaunchTests.swift in Sources */ = {isa = PBXBuildFile; fileRef = 93CFAD412A4C363E008116D9 /* TodayUITestsLaunchTests.swift */; };
		93CFAD502A4C396B008116D9 /* Reminder.swift in Sources */ = {isa = PBXBuildFile; fileRef = 93CFAD4F2A4C396B008116D9 /* Reminder.swift */; };
		93CFAD522A4C4C5A008116D9 /* Date+Today.swift in Sources */ = {isa = PBXBuildFile; fileRef = 93CFAD512A4C4C5A008116D9 /* Date+Today.swift */; };
		93CFAD552A4C4EC2008116D9 /* ReminderListViewController+DataSource.swift in Sources */ = {isa = PBXBuildFile; fileRef = 93CFAD542A4C4EC2008116D9 /* ReminderListViewController+DataSource.swift */; };
		93CFAD572A4C50D6008116D9 /* UIColor+Today.swift in Sources */ = {isa = PBXBuildFile; fileRef = 93CFAD562A4C50D6008116D9 /* UIColor+Today.swift */; };
		93CFAD592A4C61E9008116D9 /* ReminderDoneButton.swift in Sources */ = {isa = PBXBuildFile; fileRef = 93CFAD582A4C61E9008116D9 /* ReminderDoneButton.swift */; };
		93CFAD5B2A4C62BE008116D9 /* ReminderListViewController+Actions.swift in Sources */ = {isa = PBXBuildFile; fileRef = 93CFAD5A2A4C62BE008116D9 /* ReminderListViewController+Actions.swift */; };
		93CFAD5D2A4C6A94008116D9 /* ReminderViewController.swift in Sources */ = {isa = PBXBuildFile; fileRef = 93CFAD5C2A4C6A94008116D9 /* ReminderViewController.swift */; };
		93CFAD602A4C6E22008116D9 /* ReminderViewController+Row.swift in Sources */ = {isa = PBXBuildFile; fileRef = 93CFAD5F2A4C6E22008116D9 /* ReminderViewController+Row.swift */; };
/* End PBXBuildFile section */

/* Begin PBXContainerItemProxy section */
		93CFAD322A4C363E008116D9 /* PBXContainerItemProxy */ = {
			isa = PBXContainerItemProxy;
			containerPortal = 93CFAD132A4C363B008116D9 /* Project object */;
			proxyType = 1;
			remoteGlobalIDString = 93CFAD1A2A4C363B008116D9;
			remoteInfo = Today;
		};
		93CFAD3C2A4C363E008116D9 /* PBXContainerItemProxy */ = {
			isa = PBXContainerItemProxy;
			containerPortal = 93CFAD132A4C363B008116D9 /* Project object */;
			proxyType = 1;
			remoteGlobalIDString = 93CFAD1A2A4C363B008116D9;
			remoteInfo = Today;
		};
/* End PBXContainerItemProxy section */

/* Begin PBXFileReference section */
		600F1C7C2A4F3EDE00B23C6B /* ReminderViewController+Section.swift */ = {isa = PBXFileReference; lastKnownFileType = sourcecode.swift; path = "ReminderViewController+Section.swift"; sourceTree = "<group>"; };
		93CFAD1B2A4C363B008116D9 /* Today.app */ = {isa = PBXFileReference; explicitFileType = wrapper.application; includeInIndex = 0; path = Today.app; sourceTree = BUILT_PRODUCTS_DIR; };
		93CFAD1E2A4C363B008116D9 /* AppDelegate.swift */ = {isa = PBXFileReference; lastKnownFileType = sourcecode.swift; path = AppDelegate.swift; sourceTree = "<group>"; };
		93CFAD202A4C363B008116D9 /* SceneDelegate.swift */ = {isa = PBXFileReference; lastKnownFileType = sourcecode.swift; path = SceneDelegate.swift; sourceTree = "<group>"; };
		93CFAD222A4C363B008116D9 /* ReminderListViewController.swift */ = {isa = PBXFileReference; lastKnownFileType = sourcecode.swift; path = ReminderListViewController.swift; sourceTree = "<group>"; };
		93CFAD252A4C363B008116D9 /* Base */ = {isa = PBXFileReference; lastKnownFileType = file.storyboard; name = Base; path = Base.lproj/Main.storyboard; sourceTree = "<group>"; };
		93CFAD272A4C363D008116D9 /* Assets.xcassets */ = {isa = PBXFileReference; lastKnownFileType = folder.assetcatalog; path = Assets.xcassets; sourceTree = "<group>"; };
		93CFAD2A2A4C363D008116D9 /* Base */ = {isa = PBXFileReference; lastKnownFileType = file.storyboard; name = Base; path = Base.lproj/LaunchScreen.storyboard; sourceTree = "<group>"; };
		93CFAD2C2A4C363D008116D9 /* Info.plist */ = {isa = PBXFileReference; lastKnownFileType = text.plist.xml; path = Info.plist; sourceTree = "<group>"; };
		93CFAD312A4C363E008116D9 /* TodayTests.xctest */ = {isa = PBXFileReference; explicitFileType = wrapper.cfbundle; includeInIndex = 0; path = TodayTests.xctest; sourceTree = BUILT_PRODUCTS_DIR; };
		93CFAD352A4C363E008116D9 /* TodayTests.swift */ = {isa = PBXFileReference; lastKnownFileType = sourcecode.swift; path = TodayTests.swift; sourceTree = "<group>"; };
		93CFAD3B2A4C363E008116D9 /* TodayUITests.xctest */ = {isa = PBXFileReference; explicitFileType = wrapper.cfbundle; includeInIndex = 0; path = TodayUITests.xctest; sourceTree = BUILT_PRODUCTS_DIR; };
		93CFAD3F2A4C363E008116D9 /* TodayUITests.swift */ = {isa = PBXFileReference; lastKnownFileType = sourcecode.swift; path = TodayUITests.swift; sourceTree = "<group>"; };
		93CFAD412A4C363E008116D9 /* TodayUITestsLaunchTests.swift */ = {isa = PBXFileReference; lastKnownFileType = sourcecode.swift; path = TodayUITestsLaunchTests.swift; sourceTree = "<group>"; };
		93CFAD4F2A4C396B008116D9 /* Reminder.swift */ = {isa = PBXFileReference; lastKnownFileType = sourcecode.swift; path = Reminder.swift; sourceTree = "<group>"; };
		93CFAD512A4C4C5A008116D9 /* Date+Today.swift */ = {isa = PBXFileReference; lastKnownFileType = sourcecode.swift; path = "Date+Today.swift"; sourceTree = "<group>"; };
		93CFAD542A4C4EC2008116D9 /* ReminderListViewController+DataSource.swift */ = {isa = PBXFileReference; lastKnownFileType = sourcecode.swift; path = "ReminderListViewController+DataSource.swift"; sourceTree = "<group>"; };
		93CFAD562A4C50D6008116D9 /* UIColor+Today.swift */ = {isa = PBXFileReference; fileEncoding = 4; lastKnownFileType = sourcecode.swift; path = "UIColor+Today.swift"; sourceTree = "<group>"; };
		93CFAD582A4C61E9008116D9 /* ReminderDoneButton.swift */ = {isa = PBXFileReference; lastKnownFileType = sourcecode.swift; path = ReminderDoneButton.swift; sourceTree = "<group>"; };
		93CFAD5A2A4C62BE008116D9 /* ReminderListViewController+Actions.swift */ = {isa = PBXFileReference; lastKnownFileType = sourcecode.swift; path = "ReminderListViewController+Actions.swift"; sourceTree = "<group>"; };
		93CFAD5C2A4C6A94008116D9 /* ReminderViewController.swift */ = {isa = PBXFileReference; lastKnownFileType = sourcecode.swift; path = ReminderViewController.swift; sourceTree = "<group>"; };
		93CFAD5F2A4C6E22008116D9 /* ReminderViewController+Row.swift */ = {isa = PBXFileReference; lastKnownFileType = sourcecode.swift; path = "ReminderViewController+Row.swift"; sourceTree = "<group>"; };
/* End PBXFileReference section */

/* Begin PBXFrameworksBuildPhase section */
		93CFAD182A4C363B008116D9 /* Frameworks */ = {
			isa = PBXFrameworksBuildPhase;
			buildActionMask = 2147483647;
			files = (
			);
			runOnlyForDeploymentPostprocessing = 0;
		};
		93CFAD2E2A4C363E008116D9 /* Frameworks */ = {
			isa = PBXFrameworksBuildPhase;
			buildActionMask = 2147483647;
			files = (
			);
			runOnlyForDeploymentPostprocessing = 0;
		};
		93CFAD382A4C363E008116D9 /* Frameworks */ = {
			isa = PBXFrameworksBuildPhase;
			buildActionMask = 2147483647;
			files = (
			);
			runOnlyForDeploymentPostprocessing = 0;
		};
/* End PBXFrameworksBuildPhase section */

/* Begin PBXGroup section */
		93CFAD122A4C363B008116D9 = {
			isa = PBXGroup;
			children = (
				93CFAD1D2A4C363B008116D9 /* Today */,
				93CFAD342A4C363E008116D9 /* TodayTests */,
				93CFAD3E2A4C363E008116D9 /* TodayUITests */,
				93CFAD1C2A4C363B008116D9 /* Products */,
			);
			sourceTree = "<group>";
		};
		93CFAD1C2A4C363B008116D9 /* Products */ = {
			isa = PBXGroup;
			children = (
				93CFAD1B2A4C363B008116D9 /* Today.app */,
				93CFAD312A4C363E008116D9 /* TodayTests.xctest */,
				93CFAD3B2A4C363E008116D9 /* TodayUITests.xctest */,
			);
			name = Products;
			sourceTree = "<group>";
		};
		93CFAD1D2A4C363B008116D9 /* Today */ = {
			isa = PBXGroup;
			children = (
				93CFAD4E2A4C3950008116D9 /* Models */,
				93CFAD1E2A4C363B008116D9 /* AppDelegate.swift */,
				93CFAD202A4C363B008116D9 /* SceneDelegate.swift */,
				93CFAD5E2A4C6DE5008116D9 /* DetailViewController */,
				93CFAD532A4C4E7E008116D9 /* ListViewController */,
				93CFAD242A4C363B008116D9 /* Main.storyboard */,
				93CFAD272A4C363D008116D9 /* Assets.xcassets */,
				93CFAD292A4C363D008116D9 /* LaunchScreen.storyboard */,
				93CFAD2C2A4C363D008116D9 /* Info.plist */,
			);
			path = Today;
			sourceTree = "<group>";
		};
		93CFAD342A4C363E008116D9 /* TodayTests */ = {
			isa = PBXGroup;
			children = (
				93CFAD352A4C363E008116D9 /* TodayTests.swift */,
			);
			path = TodayTests;
			sourceTree = "<group>";
		};
		93CFAD3E2A4C363E008116D9 /* TodayUITests */ = {
			isa = PBXGroup;
			children = (
				93CFAD3F2A4C363E008116D9 /* TodayUITests.swift */,
				93CFAD412A4C363E008116D9 /* TodayUITestsLaunchTests.swift */,
			);
			path = TodayUITests;
			sourceTree = "<group>";
		};
		93CFAD4E2A4C3950008116D9 /* Models */ = {
			isa = PBXGroup;
			children = (
				93CFAD4F2A4C396B008116D9 /* Reminder.swift */,
				93CFAD512A4C4C5A008116D9 /* Date+Today.swift */,
				93CFAD562A4C50D6008116D9 /* UIColor+Today.swift */,
			);
			path = Models;
			sourceTree = "<group>";
		};
		93CFAD532A4C4E7E008116D9 /* ListViewController */ = {
			isa = PBXGroup;
			children = (
				93CFAD222A4C363B008116D9 /* ReminderListViewController.swift */,
				93CFAD542A4C4EC2008116D9 /* ReminderListViewController+DataSource.swift */,
				93CFAD582A4C61E9008116D9 /* ReminderDoneButton.swift */,
				93CFAD5A2A4C62BE008116D9 /* ReminderListViewController+Actions.swift */,
			);
			path = ListViewController;
			sourceTree = "<group>";
		};
		93CFAD5E2A4C6DE5008116D9 /* DetailViewController */ = {
			isa = PBXGroup;
			children = (
				93CFAD5C2A4C6A94008116D9 /* ReminderViewController.swift */,
				93CFAD5F2A4C6E22008116D9 /* ReminderViewController+Row.swift */,
				600F1C7C2A4F3EDE00B23C6B /* ReminderViewController+Section.swift */,
			);
			path = DetailViewController;
			sourceTree = "<group>";
		};
/* End PBXGroup section */

/* Begin PBXNativeTarget section */
		93CFAD1A2A4C363B008116D9 /* Today */ = {
			isa = PBXNativeTarget;
			buildConfigurationList = 93CFAD452A4C363E008116D9 /* Build configuration list for PBXNativeTarget "Today" */;
			buildPhases = (
				93CFAD172A4C363B008116D9 /* Sources */,
				93CFAD182A4C363B008116D9 /* Frameworks */,
				93CFAD192A4C363B008116D9 /* Resources */,
			);
			buildRules = (
			);
			dependencies = (
			);
			name = Today;
			productName = Today;
			productReference = 93CFAD1B2A4C363B008116D9 /* Today.app */;
			productType = "com.apple.product-type.application";
		};
		93CFAD302A4C363E008116D9 /* TodayTests */ = {
			isa = PBXNativeTarget;
			buildConfigurationList = 93CFAD482A4C363E008116D9 /* Build configuration list for PBXNativeTarget "TodayTests" */;
			buildPhases = (
				93CFAD2D2A4C363E008116D9 /* Sources */,
				93CFAD2E2A4C363E008116D9 /* Frameworks */,
				93CFAD2F2A4C363E008116D9 /* Resources */,
			);
			buildRules = (
			);
			dependencies = (
				93CFAD332A4C363E008116D9 /* PBXTargetDependency */,
			);
			name = TodayTests;
			productName = TodayTests;
			productReference = 93CFAD312A4C363E008116D9 /* TodayTests.xctest */;
			productType = "com.apple.product-type.bundle.unit-test";
		};
		93CFAD3A2A4C363E008116D9 /* TodayUITests */ = {
			isa = PBXNativeTarget;
			buildConfigurationList = 93CFAD4B2A4C363E008116D9 /* Build configuration list for PBXNativeTarget "TodayUITests" */;
			buildPhases = (
				93CFAD372A4C363E008116D9 /* Sources */,
				93CFAD382A4C363E008116D9 /* Frameworks */,
				93CFAD392A4C363E008116D9 /* Resources */,
			);
			buildRules = (
			);
			dependencies = (
				93CFAD3D2A4C363E008116D9 /* PBXTargetDependency */,
			);
			name = TodayUITests;
			productName = TodayUITests;
			productReference = 93CFAD3B2A4C363E008116D9 /* TodayUITests.xctest */;
			productType = "com.apple.product-type.bundle.ui-testing";
		};
/* End PBXNativeTarget section */

/* Begin PBXProject section */
		93CFAD132A4C363B008116D9 /* Project object */ = {
			isa = PBXProject;
			attributes = {
				BuildIndependentTargetsInParallel = 1;
				LastSwiftUpdateCheck = 1430;
				LastUpgradeCheck = 1430;
				TargetAttributes = {
					93CFAD1A2A4C363B008116D9 = {
						CreatedOnToolsVersion = 14.3.1;
					};
					93CFAD302A4C363E008116D9 = {
						CreatedOnToolsVersion = 14.3.1;
						TestTargetID = 93CFAD1A2A4C363B008116D9;
					};
					93CFAD3A2A4C363E008116D9 = {
						CreatedOnToolsVersion = 14.3.1;
						TestTargetID = 93CFAD1A2A4C363B008116D9;
					};
				};
			};
			buildConfigurationList = 93CFAD162A4C363B008116D9 /* Build configuration list for PBXProject "Today" */;
			compatibilityVersion = "Xcode 14.0";
			developmentRegion = en;
			hasScannedForEncodings = 0;
			knownRegions = (
				en,
				Base,
			);
			mainGroup = 93CFAD122A4C363B008116D9;
			productRefGroup = 93CFAD1C2A4C363B008116D9 /* Products */;
			projectDirPath = "";
			projectRoot = "";
			targets = (
				93CFAD1A2A4C363B008116D9 /* Today */,
				93CFAD302A4C363E008116D9 /* TodayTests */,
				93CFAD3A2A4C363E008116D9 /* TodayUITests */,
			);
		};
/* End PBXProject section */

/* Begin PBXResourcesBuildPhase section */
		93CFAD192A4C363B008116D9 /* Resources */ = {
			isa = PBXResourcesBuildPhase;
			buildActionMask = 2147483647;
			files = (
				93CFAD2B2A4C363D008116D9 /* LaunchScreen.storyboard in Resources */,
				93CFAD282A4C363D008116D9 /* Assets.xcassets in Resources */,
				93CFAD262A4C363B008116D9 /* Main.storyboard in Resources */,
			);
			runOnlyForDeploymentPostprocessing = 0;
		};
		93CFAD2F2A4C363E008116D9 /* Resources */ = {
			isa = PBXResourcesBuildPhase;
			buildActionMask = 2147483647;
			files = (
			);
			runOnlyForDeploymentPostprocessing = 0;
		};
		93CFAD392A4C363E008116D9 /* Resources */ = {
			isa = PBXResourcesBuildPhase;
			buildActionMask = 2147483647;
			files = (
			);
			runOnlyForDeploymentPostprocessing = 0;
		};
/* End PBXResourcesBuildPhase section */

/* Begin PBXSourcesBuildPhase section */
		93CFAD172A4C363B008116D9 /* Sources */ = {
			isa = PBXSourcesBuildPhase;
			buildActionMask = 2147483647;
			files = (
				600F1C7D2A4F3EDE00B23C6B /* ReminderViewController+Section.swift in Sources */,
				93CFAD572A4C50D6008116D9 /* UIColor+Today.swift in Sources */,
				93CFAD5B2A4C62BE008116D9 /* ReminderListViewController+Actions.swift in Sources */,
				93CFAD5D2A4C6A94008116D9 /* ReminderViewController.swift in Sources */,
				93CFAD232A4C363B008116D9 /* ReminderListViewController.swift in Sources */,
				93CFAD522A4C4C5A008116D9 /* Date+Today.swift in Sources */,
				93CFAD602A4C6E22008116D9 /* ReminderViewController+Row.swift in Sources */,
				93CFAD592A4C61E9008116D9 /* ReminderDoneButton.swift in Sources */,
				93CFAD1F2A4C363B008116D9 /* AppDelegate.swift in Sources */,
				93CFAD212A4C363B008116D9 /* SceneDelegate.swift in Sources */,
				93CFAD502A4C396B008116D9 /* Reminder.swift in Sources */,
				93CFAD552A4C4EC2008116D9 /* ReminderListViewController+DataSource.swift in Sources */,
			);
			runOnlyForDeploymentPostprocessing = 0;
		};
		93CFAD2D2A4C363E008116D9 /* Sources */ = {
			isa = PBXSourcesBuildPhase;
			buildActionMask = 2147483647;
			files = (
				93CFAD362A4C363E008116D9 /* TodayTests.swift in Sources */,
			);
			runOnlyForDeploymentPostprocessing = 0;
		};
		93CFAD372A4C363E008116D9 /* Sources */ = {
			isa = PBXSourcesBuildPhase;
			buildActionMask = 2147483647;
			files = (
				93CFAD422A4C363E008116D9 /* TodayUITestsLaunchTests.swift in Sources */,
				93CFAD402A4C363E008116D9 /* TodayUITests.swift in Sources */,
			);
			runOnlyForDeploymentPostprocessing = 0;
		};
/* End PBXSourcesBuildPhase section */

/* Begin PBXTargetDependency section */
		93CFAD332A4C363E008116D9 /* PBXTargetDependency */ = {
			isa = PBXTargetDependency;
			target = 93CFAD1A2A4C363B008116D9 /* Today */;
			targetProxy = 93CFAD322A4C363E008116D9 /* PBXContainerItemProxy */;
		};
		93CFAD3D2A4C363E008116D9 /* PBXTargetDependency */ = {
			isa = PBXTargetDependency;
			target = 93CFAD1A2A4C363B008116D9 /* Today */;
			targetProxy = 93CFAD3C2A4C363E008116D9 /* PBXContainerItemProxy */;
		};
/* End PBXTargetDependency section */

/* Begin PBXVariantGroup section */
		93CFAD242A4C363B008116D9 /* Main.storyboard */ = {
			isa = PBXVariantGroup;
			children = (
				93CFAD252A4C363B008116D9 /* Base */,
			);
			name = Main.storyboard;
			sourceTree = "<group>";
		};
		93CFAD292A4C363D008116D9 /* LaunchScreen.storyboard */ = {
			isa = PBXVariantGroup;
			children = (
				93CFAD2A2A4C363D008116D9 /* Base */,
			);
			name = LaunchScreen.storyboard;
			sourceTree = "<group>";
		};
/* End PBXVariantGroup section */

/* Begin XCBuildConfiguration section */
		93CFAD432A4C363E008116D9 /* Debug */ = {
			isa = XCBuildConfiguration;
			buildSettings = {
				ALWAYS_SEARCH_USER_PATHS = NO;
				CLANG_ANALYZER_NONNULL = YES;
				CLANG_ANALYZER_NUMBER_OBJECT_CONVERSION = YES_AGGRESSIVE;
				CLANG_CXX_LANGUAGE_STANDARD = "gnu++20";
				CLANG_ENABLE_MODULES = YES;
				CLANG_ENABLE_OBJC_ARC = YES;
				CLANG_ENABLE_OBJC_WEAK = YES;
				CLANG_WARN_BLOCK_CAPTURE_AUTORELEASING = YES;
				CLANG_WARN_BOOL_CONVERSION = YES;
				CLANG_WARN_COMMA = YES;
				CLANG_WARN_CONSTANT_CONVERSION = YES;
				CLANG_WARN_DEPRECATED_OBJC_IMPLEMENTATIONS = YES;
				CLANG_WARN_DIRECT_OBJC_ISA_USAGE = YES_ERROR;
				CLANG_WARN_DOCUMENTATION_COMMENTS = YES;
				CLANG_WARN_EMPTY_BODY = YES;
				CLANG_WARN_ENUM_CONVERSION = YES;
				CLANG_WARN_INFINITE_RECURSION = YES;
				CLANG_WARN_INT_CONVERSION = YES;
				CLANG_WARN_NON_LITERAL_NULL_CONVERSION = YES;
				CLANG_WARN_OBJC_IMPLICIT_RETAIN_SELF = YES;
				CLANG_WARN_OBJC_LITERAL_CONVERSION = YES;
				CLANG_WARN_OBJC_ROOT_CLASS = YES_ERROR;
				CLANG_WARN_QUOTED_INCLUDE_IN_FRAMEWORK_HEADER = YES;
				CLANG_WARN_RANGE_LOOP_ANALYSIS = YES;
				CLANG_WARN_STRICT_PROTOTYPES = YES;
				CLANG_WARN_SUSPICIOUS_MOVE = YES;
				CLANG_WARN_UNGUARDED_AVAILABILITY = YES_AGGRESSIVE;
				CLANG_WARN_UNREACHABLE_CODE = YES;
				CLANG_WARN__DUPLICATE_METHOD_MATCH = YES;
				COPY_PHASE_STRIP = NO;
				DEBUG_INFORMATION_FORMAT = dwarf;
				ENABLE_STRICT_OBJC_MSGSEND = YES;
				ENABLE_TESTABILITY = YES;
				GCC_C_LANGUAGE_STANDARD = gnu11;
				GCC_DYNAMIC_NO_PIC = NO;
				GCC_NO_COMMON_BLOCKS = YES;
				GCC_OPTIMIZATION_LEVEL = 0;
				GCC_PREPROCESSOR_DEFINITIONS = (
					"DEBUG=1",
					"$(inherited)",
				);
				GCC_WARN_64_TO_32_BIT_CONVERSION = YES;
				GCC_WARN_ABOUT_RETURN_TYPE = YES_ERROR;
				GCC_WARN_UNDECLARED_SELECTOR = YES;
				GCC_WARN_UNINITIALIZED_AUTOS = YES_AGGRESSIVE;
				GCC_WARN_UNUSED_FUNCTION = YES;
				GCC_WARN_UNUSED_VARIABLE = YES;
				IPHONEOS_DEPLOYMENT_TARGET = 16.4;
				MTL_ENABLE_DEBUG_INFO = INCLUDE_SOURCE;
				MTL_FAST_MATH = YES;
				ONLY_ACTIVE_ARCH = YES;
				SDKROOT = iphoneos;
				SWIFT_ACTIVE_COMPILATION_CONDITIONS = DEBUG;
				SWIFT_OPTIMIZATION_LEVEL = "-Onone";
			};
			name = Debug;
		};
		93CFAD442A4C363E008116D9 /* Release */ = {
			isa = XCBuildConfiguration;
			buildSettings = {
				ALWAYS_SEARCH_USER_PATHS = NO;
				CLANG_ANALYZER_NONNULL = YES;
				CLANG_ANALYZER_NUMBER_OBJECT_CONVERSION = YES_AGGRESSIVE;
				CLANG_CXX_LANGUAGE_STANDARD = "gnu++20";
				CLANG_ENABLE_MODULES = YES;
				CLANG_ENABLE_OBJC_ARC = YES;
				CLANG_ENABLE_OBJC_WEAK = YES;
				CLANG_WARN_BLOCK_CAPTURE_AUTORELEASING = YES;
				CLANG_WARN_BOOL_CONVERSION = YES;
				CLANG_WARN_COMMA = YES;
				CLANG_WARN_CONSTANT_CONVERSION = YES;
				CLANG_WARN_DEPRECATED_OBJC_IMPLEMENTATIONS = YES;
				CLANG_WARN_DIRECT_OBJC_ISA_USAGE = YES_ERROR;
				CLANG_WARN_DOCUMENTATION_COMMENTS = YES;
				CLANG_WARN_EMPTY_BODY = YES;
				CLANG_WARN_ENUM_CONVERSION = YES;
				CLANG_WARN_INFINITE_RECURSION = YES;
				CLANG_WARN_INT_CONVERSION = YES;
				CLANG_WARN_NON_LITERAL_NULL_CONVERSION = YES;
				CLANG_WARN_OBJC_IMPLICIT_RETAIN_SELF = YES;
				CLANG_WARN_OBJC_LITERAL_CONVERSION = YES;
				CLANG_WARN_OBJC_ROOT_CLASS = YES_ERROR;
				CLANG_WARN_QUOTED_INCLUDE_IN_FRAMEWORK_HEADER = YES;
				CLANG_WARN_RANGE_LOOP_ANALYSIS = YES;
				CLANG_WARN_STRICT_PROTOTYPES = YES;
				CLANG_WARN_SUSPICIOUS_MOVE = YES;
				CLANG_WARN_UNGUARDED_AVAILABILITY = YES_AGGRESSIVE;
				CLANG_WARN_UNREACHABLE_CODE = YES;
				CLANG_WARN__DUPLICATE_METHOD_MATCH = YES;
				COPY_PHASE_STRIP = NO;
				DEBUG_INFORMATION_FORMAT = "dwarf-with-dsym";
				ENABLE_NS_ASSERTIONS = NO;
				ENABLE_STRICT_OBJC_MSGSEND = YES;
				GCC_C_LANGUAGE_STANDARD = gnu11;
				GCC_NO_COMMON_BLOCKS = YES;
				GCC_WARN_64_TO_32_BIT_CONVERSION = YES;
				GCC_WARN_ABOUT_RETURN_TYPE = YES_ERROR;
				GCC_WARN_UNDECLARED_SELECTOR = YES;
				GCC_WARN_UNINITIALIZED_AUTOS = YES_AGGRESSIVE;
				GCC_WARN_UNUSED_FUNCTION = YES;
				GCC_WARN_UNUSED_VARIABLE = YES;
				IPHONEOS_DEPLOYMENT_TARGET = 16.4;
				MTL_ENABLE_DEBUG_INFO = NO;
				MTL_FAST_MATH = YES;
				SDKROOT = iphoneos;
				SWIFT_COMPILATION_MODE = wholemodule;
				SWIFT_OPTIMIZATION_LEVEL = "-O";
				VALIDATE_PRODUCT = YES;
			};
			name = Release;
		};
		93CFAD462A4C363E008116D9 /* Debug */ = {
			isa = XCBuildConfiguration;
			buildSettings = {
				ASSETCATALOG_COMPILER_APPICON_NAME = AppIcon;
				ASSETCATALOG_COMPILER_GLOBAL_ACCENT_COLOR_NAME = AccentColor;
				CODE_SIGN_STYLE = Automatic;
				CURRENT_PROJECT_VERSION = 1;
				DEVELOPMENT_TEAM = 54N495S965;
				GENERATE_INFOPLIST_FILE = YES;
				INFOPLIST_FILE = Today/Info.plist;
				INFOPLIST_KEY_UIApplicationSupportsIndirectInputEvents = YES;
				INFOPLIST_KEY_UILaunchStoryboardName = LaunchScreen;
				INFOPLIST_KEY_UIMainStoryboardFile = Main;
				INFOPLIST_KEY_UISupportedInterfaceOrientations_iPad = "UIInterfaceOrientationPortrait UIInterfaceOrientationPortraitUpsideDown UIInterfaceOrientationLandscapeLeft UIInterfaceOrientationLandscapeRight";
				INFOPLIST_KEY_UISupportedInterfaceOrientations_iPhone = "UIInterfaceOrientationPortrait UIInterfaceOrientationLandscapeLeft UIInterfaceOrientationLandscapeRight";
				LD_RUNPATH_SEARCH_PATHS = (
					"$(inherited)",
					"@executable_path/Frameworks",
				);
				MARKETING_VERSION = 1.0;
				PRODUCT_BUNDLE_IDENTIFIER = com.preetham.Today;
				PRODUCT_NAME = "$(TARGET_NAME)";
				SWIFT_EMIT_LOC_STRINGS = YES;
				SWIFT_VERSION = 5.0;
				TARGETED_DEVICE_FAMILY = "1,2";
			};
			name = Debug;
		};
		93CFAD472A4C363E008116D9 /* Release */ = {
			isa = XCBuildConfiguration;
			buildSettings = {
				ASSETCATALOG_COMPILER_APPICON_NAME = AppIcon;
				ASSETCATALOG_COMPILER_GLOBAL_ACCENT_COLOR_NAME = AccentColor;
				CODE_SIGN_STYLE = Automatic;
				CURRENT_PROJECT_VERSION = 1;
				DEVELOPMENT_TEAM = 54N495S965;
				GENERATE_INFOPLIST_FILE = YES;
				INFOPLIST_FILE = Today/Info.plist;
				INFOPLIST_KEY_UIApplicationSupportsIndirectInputEvents = YES;
				INFOPLIST_KEY_UILaunchStoryboardName = LaunchScreen;
				INFOPLIST_KEY_UIMainStoryboardFile = Main;
				INFOPLIST_KEY_UISupportedInterfaceOrientations_iPad = "UIInterfaceOrientationPortrait UIInterfaceOrientationPortraitUpsideDown UIInterfaceOrientationLandscapeLeft UIInterfaceOrientationLandscapeRight";
				INFOPLIST_KEY_UISupportedInterfaceOrientations_iPhone = "UIInterfaceOrientationPortrait UIInterfaceOrientationLandscapeLeft UIInterfaceOrientationLandscapeRight";
				LD_RUNPATH_SEARCH_PATHS = (
					"$(inherited)",
					"@executable_path/Frameworks",
				);
				MARKETING_VERSION = 1.0;
				PRODUCT_BUNDLE_IDENTIFIER = com.preetham.Today;
				PRODUCT_NAME = "$(TARGET_NAME)";
				SWIFT_EMIT_LOC_STRINGS = YES;
				SWIFT_VERSION = 5.0;
				TARGETED_DEVICE_FAMILY = "1,2";
			};
			name = Release;
		};
		93CFAD492A4C363E008116D9 /* Debug */ = {
			isa = XCBuildConfiguration;
			buildSettings = {
				ALWAYS_EMBED_SWIFT_STANDARD_LIBRARIES = YES;
				BUNDLE_LOADER = "$(TEST_HOST)";
				CODE_SIGN_STYLE = Automatic;
				CURRENT_PROJECT_VERSION = 1;
				DEVELOPMENT_TEAM = 54N495S965;
				GENERATE_INFOPLIST_FILE = YES;
				IPHONEOS_DEPLOYMENT_TARGET = 16.4;
				MARKETING_VERSION = 1.0;
				PRODUCT_BUNDLE_IDENTIFIER = com.preetham.TodayTests;
				PRODUCT_NAME = "$(TARGET_NAME)";
				SWIFT_EMIT_LOC_STRINGS = NO;
				SWIFT_VERSION = 5.0;
				TARGETED_DEVICE_FAMILY = "1,2";
				TEST_HOST = "$(BUILT_PRODUCTS_DIR)/Today.app/$(BUNDLE_EXECUTABLE_FOLDER_PATH)/Today";
			};
			name = Debug;
		};
		93CFAD4A2A4C363E008116D9 /* Release */ = {
			isa = XCBuildConfiguration;
			buildSettings = {
				ALWAYS_EMBED_SWIFT_STANDARD_LIBRARIES = YES;
				BUNDLE_LOADER = "$(TEST_HOST)";
				CODE_SIGN_STYLE = Automatic;
				CURRENT_PROJECT_VERSION = 1;
				DEVELOPMENT_TEAM = 54N495S965;
				GENERATE_INFOPLIST_FILE = YES;
				IPHONEOS_DEPLOYMENT_TARGET = 16.4;
				MARKETING_VERSION = 1.0;
				PRODUCT_BUNDLE_IDENTIFIER = com.preetham.TodayTests;
				PRODUCT_NAME = "$(TARGET_NAME)";
				SWIFT_EMIT_LOC_STRINGS = NO;
				SWIFT_VERSION = 5.0;
				TARGETED_DEVICE_FAMILY = "1,2";
				TEST_HOST = "$(BUILT_PRODUCTS_DIR)/Today.app/$(BUNDLE_EXECUTABLE_FOLDER_PATH)/Today";
			};
			name = Release;
		};
		93CFAD4C2A4C363E008116D9 /* Debug */ = {
			isa = XCBuildConfiguration;
			buildSettings = {
				ALWAYS_EMBED_SWIFT_STANDARD_LIBRARIES = YES;
				CODE_SIGN_STYLE = Automatic;
				CURRENT_PROJECT_VERSION = 1;
				DEVELOPMENT_TEAM = 54N495S965;
				GENERATE_INFOPLIST_FILE = YES;
				MARKETING_VERSION = 1.0;
				PRODUCT_BUNDLE_IDENTIFIER = com.preetham.TodayUITests;
				PRODUCT_NAME = "$(TARGET_NAME)";
				SWIFT_EMIT_LOC_STRINGS = NO;
				SWIFT_VERSION = 5.0;
				TARGETED_DEVICE_FAMILY = "1,2";
				TEST_TARGET_NAME = Today;
			};
			name = Debug;
		};
		93CFAD4D2A4C363E008116D9 /* Release */ = {
			isa = XCBuildConfiguration;
			buildSettings = {
				ALWAYS_EMBED_SWIFT_STANDARD_LIBRARIES = YES;
				CODE_SIGN_STYLE = Automatic;
				CURRENT_PROJECT_VERSION = 1;
				DEVELOPMENT_TEAM = 54N495S965;
				GENERATE_INFOPLIST_FILE = YES;
				MARKETING_VERSION = 1.0;
				PRODUCT_BUNDLE_IDENTIFIER = com.preetham.TodayUITests;
				PRODUCT_NAME = "$(TARGET_NAME)";
				SWIFT_EMIT_LOC_STRINGS = NO;
				SWIFT_VERSION = 5.0;
				TARGETED_DEVICE_FAMILY = "1,2";
				TEST_TARGET_NAME = Today;
			};
			name = Release;
		};
/* End XCBuildConfiguration section */

/* Begin XCConfigurationList section */
		93CFAD162A4C363B008116D9 /* Build configuration list for PBXProject "Today" */ = {
			isa = XCConfigurationList;
			buildConfigurations = (
				93CFAD432A4C363E008116D9 /* Debug */,
				93CFAD442A4C363E008116D9 /* Release */,
			);
			defaultConfigurationIsVisible = 0;
			defaultConfigurationName = Release;
		};
		93CFAD452A4C363E008116D9 /* Build configuration list for PBXNativeTarget "Today" */ = {
			isa = XCConfigurationList;
			buildConfigurations = (
				93CFAD462A4C363E008116D9 /* Debug */,
				93CFAD472A4C363E008116D9 /* Release */,
			);
			defaultConfigurationIsVisible = 0;
			defaultConfigurationName = Release;
		};
		93CFAD482A4C363E008116D9 /* Build configuration list for PBXNativeTarget "TodayTests" */ = {
			isa = XCConfigurationList;
			buildConfigurations = (
				93CFAD492A4C363E008116D9 /* Debug */,
				93CFAD4A2A4C363E008116D9 /* Release */,
			);
			defaultConfigurationIsVisible = 0;
			defaultConfigurationName = Release;
		};
		93CFAD4B2A4C363E008116D9 /* Build configuration list for PBXNativeTarget "TodayUITests" */ = {
			isa = XCConfigurationList;
			buildConfigurations = (
				93CFAD4C2A4C363E008116D9 /* Debug */,
				93CFAD4D2A4C363E008116D9 /* Release */,
			);
			defaultConfigurationIsVisible = 0;
			defaultConfigurationName = Release;
		};
/* End XCConfigurationList section */
	};
	rootObject = 93CFAD132A4C363B008116D9 /* Project object */;
}
